
Microsoft Visual Studio Solution File, Format Version 12.00
# Visual Studio Version 16
VisualStudioVersion = 16.0.29418.71
MinimumVisualStudioVersion = 10.0.40219.1
Project("{FAE04EC0-301F-11D3-BF4B-00C04F79EFBC}") = "Librarymanager", "Librarymanager.csproj", "{39672D1F-FCF3-4337-A09C-5C03CFD69100}"
EndProject
Global
	GlobalSection(SolutionConfigurationPlatforms) = preSolution
		Debug|Any CPU = Debug|Any CPU
		Release|Any CPU = Release|Any CPU
	EndGlobalSection
	GlobalSection(ProjectConfigurationPlatforms) = postSolution
		{39672D1F-FCF3-4337-A09C-5C03CFD69100}.Debug|Any CPU.ActiveCfg = Debug|Any CPU
		{39672D1F-FCF3-4337-A09C-5C03CFD69100}.Debug|Any CPU.Build.0 = Debug|Any CPU
		{39672D1F-FCF3-4337-A09C-5C03CFD69100}.Release|Any CPU.ActiveCfg = Release|Any CPU
		{39672D1F-FCF3-4337-A09C-5C03CFD69100}.Release|Any CPU.Build.0 = Release|Any CPU
	EndGlobalSection
	GlobalSection(SolutionProperties) = preSolution
		HideSolutionNode = FALSE
	EndGlobalSection
	GlobalSection(ExtensibilityGlobals) = postSolution
		SolutionGuid = {CFB44E00-AFAD-4F96-96B0-946D510932FB}
	EndGlobalSection
EndGlobal
